// !$*UTF8*$!
{
	archiveVersion = 1;
	classes = {
	};
	objectVersion = 46;
	objects = {

/* Begin PBXBuildFile section */
		5F67190F1649CA0600A86587 /* BOMovingObject.m in Sources */ = {isa = PBXBuildFile; fileRef = 5F67190E1649CA0500A86587 /* BOMovingObject.m */; };
		5F6DC7DB1649A5B5004B713C /* UIKit.framework in Frameworks */ = {isa = PBXBuildFile; fileRef = 5F6DC7DA1649A5B5004B713C /* UIKit.framework */; };
		5F6DC7DD1649A5B5004B713C /* Foundation.framework in Frameworks */ = {isa = PBXBuildFile; fileRef = 5F6DC7DC1649A5B5004B713C /* Foundation.framework */; };
		5F6DC7DF1649A5B5004B713C /* CoreGraphics.framework in Frameworks */ = {isa = PBXBuildFile; fileRef = 5F6DC7DE1649A5B5004B713C /* CoreGraphics.framework */; };
		5F6DC7E51649A5B5004B713C /* InfoPlist.strings in Resources */ = {isa = PBXBuildFile; fileRef = 5F6DC7E31649A5B5004B713C /* InfoPlist.strings */; };
		5F6DC7E71649A5B5004B713C /* main.m in Sources */ = {isa = PBXBuildFile; fileRef = 5F6DC7E61649A5B5004B713C /* main.m */; };
		5F6DC7EB1649A5B5004B713C /* BOAppDelegate.m in Sources */ = {isa = PBXBuildFile; fileRef = 5F6DC7EA1649A5B5004B713C /* BOAppDelegate.m */; };
		5F6DC7ED1649A5B5004B713C /* Default.png in Resources */ = {isa = PBXBuildFile; fileRef = 5F6DC7EC1649A5B5004B713C /* Default.png */; };
		5F6DC7EF1649A5B5004B713C /* Default@2x.png in Resources */ = {isa = PBXBuildFile; fileRef = 5F6DC7EE1649A5B5004B713C /* Default@2x.png */; };
		5F6DC7F11649A5B5004B713C /* Default-568h@2x.png in Resources */ = {isa = PBXBuildFile; fileRef = 5F6DC7F01649A5B5004B713C /* Default-568h@2x.png */; };
		5F6DC7F41649A5B5004B713C /* MainStoryboard.storyboard in Resources */ = {isa = PBXBuildFile; fileRef = 5F6DC7F21649A5B5004B713C /* MainStoryboard.storyboard */; };
		5F6DC7F71649A5B5004B713C /* BOViewController.m in Sources */ = {isa = PBXBuildFile; fileRef = 5F6DC7F61649A5B5004B713C /* BOViewController.m */; };
		5F6DC7FF1649A5B5004B713C /* SenTestingKit.framework in Frameworks */ = {isa = PBXBuildFile; fileRef = 5F6DC7FE1649A5B5004B713C /* SenTestingKit.framework */; };
		5F6DC8001649A5B5004B713C /* UIKit.framework in Frameworks */ = {isa = PBXBuildFile; fileRef = 5F6DC7DA1649A5B5004B713C /* UIKit.framework */; };
		5F6DC8011649A5B5004B713C /* Foundation.framework in Frameworks */ = {isa = PBXBuildFile; fileRef = 5F6DC7DC1649A5B5004B713C /* Foundation.framework */; };
		5F6DC8091649A5B5004B713C /* InfoPlist.strings in Resources */ = {isa = PBXBuildFile; fileRef = 5F6DC8071649A5B5004B713C /* InfoPlist.strings */; };
		5F6DC80C1649A5B5004B713C /* BreakOut3bTests.m in Sources */ = {isa = PBXBuildFile; fileRef = 5F6DC80B1649A5B5004B713C /* BreakOut3bTests.m */; };
		5F6DC8161649A5D6004B713C /* QuartzCore.framework in Frameworks */ = {isa = PBXBuildFile; fileRef = 5F6DC8151649A5D6004B713C /* QuartzCore.framework */; };
		5F6DC8191649A720004B713C /* BOBlockView.m in Sources */ = {isa = PBXBuildFile; fileRef = 5F6DC8181649A720004B713C /* BOBlockView.m */; };
		5F6DC81C1649A83E004B713C /* BOModel.m in Sources */ = {isa = PBXBuildFile; fileRef = 5F6DC81B1649A83E004B713C /* BOModel.m */; };
		5F6DC8271649B3BC004B713C /* mo.png in Resources */ = {isa = PBXBuildFile; fileRef = 5F6DC8261649B3BC004B713C /* mo.png */; };
		5F6DC8291649B3D2004B713C /* paddel.png in Resources */ = {isa = PBXBuildFile; fileRef = 5F6DC8281649B3D2004B713C /* paddel.png */; };
/* End PBXBuildFile section */

/* Begin PBXContainerItemProxy section */
		5F6DC8021649A5B5004B713C /* PBXContainerItemProxy */ = {
			isa = PBXContainerItemProxy;
			containerPortal = 5F6DC7CD1649A5B5004B713C /* Project object */;
			proxyType = 1;
			remoteGlobalIDString = 5F6DC7D51649A5B5004B713C;
			remoteInfo = BreakOut3b;
		};
/* End PBXContainerItemProxy section */

/* Begin PBXFileReference section */
		5F67190D1649CA0500A86587 /* BOMovingObject.h */ = {isa = PBXFileReference; fileEncoding = 4; lastKnownFileType = sourcecode.c.h; path = BOMovingObject.h; sourceTree = "<group>"; };
		5F67190E1649CA0500A86587 /* BOMovingObject.m */ = {isa = PBXFileReference; fileEncoding = 4; lastKnownFileType = sourcecode.c.objc; path = BOMovingObject.m; sourceTree = "<group>"; };
		5F6DC7D61649A5B5004B713C /* BreakOut3b.app */ = {isa = PBXFileReference; explicitFileType = wrapper.application; includeInIndex = 0; path = BreakOut3b.app; sourceTree = BUILT_PRODUCTS_DIR; };
		5F6DC7DA1649A5B5004B713C /* UIKit.framework */ = {isa = PBXFileReference; lastKnownFileType = wrapper.framework; name = UIKit.framework; path = System/Library/Frameworks/UIKit.framework; sourceTree = SDKROOT; };
		5F6DC7DC1649A5B5004B713C /* Foundation.framework */ = {isa = PBXFileReference; lastKnownFileType = wrapper.framework; name = Foundation.framework; path = System/Library/Frameworks/Foundation.framework; sourceTree = SDKROOT; };
		5F6DC7DE1649A5B5004B713C /* CoreGraphics.framework */ = {isa = PBXFileReference; lastKnownFileType = wrapper.framework; name = CoreGraphics.framework; path = System/Library/Frameworks/CoreGraphics.framework; sourceTree = SDKROOT; };
		5F6DC7E21649A5B5004B713C /* BreakOut3b-Info.plist */ = {isa = PBXFileReference; lastKnownFileType = text.plist.xml; path = "BreakOut3b-Info.plist"; sourceTree = "<group>"; };
		5F6DC7E41649A5B5004B713C /* en */ = {isa = PBXFileReference; lastKnownFileType = text.plist.strings; name = en; path = en.lproj/InfoPlist.strings; sourceTree = "<group>"; };
		5F6DC7E61649A5B5004B713C /* main.m */ = {isa = PBXFileReference; lastKnownFileType = sourcecode.c.objc; path = main.m; sourceTree = "<group>"; };
		5F6DC7E81649A5B5004B713C /* BreakOut3b-Prefix.pch */ = {isa = PBXFileReference; lastKnownFileType = sourcecode.c.h; path = "BreakOut3b-Prefix.pch"; sourceTree = "<group>"; };
		5F6DC7E91649A5B5004B713C /* BOAppDelegate.h */ = {isa = PBXFileReference; lastKnownFileType = sourcecode.c.h; path = BOAppDelegate.h; sourceTree = "<group>"; };
		5F6DC7EA1649A5B5004B713C /* BOAppDelegate.m */ = {isa = PBXFileReference; lastKnownFileType = sourcecode.c.objc; path = BOAppDelegate.m; sourceTree = "<group>"; };
		5F6DC7EC1649A5B5004B713C /* Default.png */ = {isa = PBXFileReference; lastKnownFileType = image.png; path = Default.png; sourceTree = "<group>"; };
		5F6DC7EE1649A5B5004B713C /* Default@2x.png */ = {isa = PBXFileReference; lastKnownFileType = image.png; path = "Default@2x.png"; sourceTree = "<group>"; };
		5F6DC7F01649A5B5004B713C /* Default-568h@2x.png */ = {isa = PBXFileReference; lastKnownFileType = image.png; path = "Default-568h@2x.png"; sourceTree = "<group>"; };
		5F6DC7F31649A5B5004B713C /* en */ = {isa = PBXFileReference; lastKnownFileType = file.storyboard; name = en; path = en.lproj/MainStoryboard.storyboard; sourceTree = "<group>"; };
		5F6DC7F51649A5B5004B713C /* BOViewController.h */ = {isa = PBXFileReference; lastKnownFileType = sourcecode.c.h; path = BOViewController.h; sourceTree = "<group>"; };
		5F6DC7F61649A5B5004B713C /* BOViewController.m */ = {isa = PBXFileReference; lastKnownFileType = sourcecode.c.objc; path = BOViewController.m; sourceTree = "<group>"; };
		5F6DC7FD1649A5B5004B713C /* BreakOut3bTests.octest */ = {isa = PBXFileReference; explicitFileType = wrapper.cfbundle; includeInIndex = 0; path = BreakOut3bTests.octest; sourceTree = BUILT_PRODUCTS_DIR; };
		5F6DC7FE1649A5B5004B713C /* SenTestingKit.framework */ = {isa = PBXFileReference; lastKnownFileType = wrapper.framework; name = SenTestingKit.framework; path = Library/Frameworks/SenTestingKit.framework; sourceTree = DEVELOPER_DIR; };
		5F6DC8061649A5B5004B713C /* BreakOut3bTests-Info.plist */ = {isa = PBXFileReference; lastKnownFileType = text.plist.xml; path = "BreakOut3bTests-Info.plist"; sourceTree = "<group>"; };
		5F6DC8081649A5B5004B713C /* en */ = {isa = PBXFileReference; lastKnownFileType = text.plist.strings; name = en; path = en.lproj/InfoPlist.strings; sourceTree = "<group>"; };
		5F6DC80A1649A5B5004B713C /* BreakOut3bTests.h */ = {isa = PBXFileReference; lastKnownFileType = sourcecode.c.h; path = BreakOut3bTests.h; sourceTree = "<group>"; };
		5F6DC80B1649A5B5004B713C /* BreakOut3bTests.m */ = {isa = PBXFileReference; lastKnownFileType = sourcecode.c.objc; path = BreakOut3bTests.m; sourceTree = "<group>"; };
		5F6DC8151649A5D6004B713C /* QuartzCore.framework */ = {isa = PBXFileReference; lastKnownFileType = wrapper.framework; name = QuartzCore.framework; path = System/Library/Frameworks/QuartzCore.framework; sourceTree = SDKROOT; };
		5F6DC8171649A720004B713C /* BOBlockView.h */ = {isa = PBXFileReference; fileEncoding = 4; lastKnownFileType = sourcecode.c.h; path = BOBlockView.h; sourceTree = "<group>"; };
		5F6DC8181649A720004B713C /* BOBlockView.m */ = {isa = PBXFileReference; fileEncoding = 4; lastKnownFileType = sourcecode.c.objc; path = BOBlockView.m; sourceTree = "<group>"; };
		5F6DC81A1649A83E004B713C /* BOModel.h */ = {isa = PBXFileReference; fileEncoding = 4; lastKnownFileType = sourcecode.c.h; name = BOModel.h; path = ../BOModel.h; sourceTree = "<group>"; };
		5F6DC81B1649A83E004B713C /* BOModel.m */ = {isa = PBXFileReference; fileEncoding = 4; lastKnownFileType = sourcecode.c.objc; name = BOModel.m; path = ../BOModel.m; sourceTree = "<group>"; };
		5F6DC8261649B3BC004B713C /* mo.png */ = {isa = PBXFileReference; lastKnownFileType = image.png; path = mo.png; sourceTree = "<group>"; };
		5F6DC8281649B3D2004B713C /* paddel.png */ = {isa = PBXFileReference; lastKnownFileType = image.png; path = paddel.png; sourceTree = "<group>"; };
/* End PBXFileReference section */

/* Begin PBXFrameworksBuildPhase section */
		5F6DC7D31649A5B5004B713C /* Frameworks */ = {
			isa = PBXFrameworksBuildPhase;
			buildActionMask = 2147483647;
			files = (
				5F6DC8161649A5D6004B713C /* QuartzCore.framework in Frameworks */,
				5F6DC7DB1649A5B5004B713C /* UIKit.framework in Frameworks */,
				5F6DC7DD1649A5B5004B713C /* Foundation.framework in Frameworks */,
				5F6DC7DF1649A5B5004B713C /* CoreGraphics.framework in Frameworks */,
			);
			runOnlyForDeploymentPostprocessing = 0;
		};
		5F6DC7F91649A5B5004B713C /* Frameworks */ = {
			isa = PBXFrameworksBuildPhase;
			buildActionMask = 2147483647;
			files = (
				5F6DC7FF1649A5B5004B713C /* SenTestingKit.framework in Frameworks */,
				5F6DC8001649A5B5004B713C /* UIKit.framework in Frameworks */,
				5F6DC8011649A5B5004B713C /* Foundation.framework in Frameworks */,
			);
			runOnlyForDeploymentPostprocessing = 0;
		};
/* End PBXFrameworksBuildPhase section */

/* Begin PBXGroup section */
		5F6DC7CB1649A5B5004B713C = {
			isa = PBXGroup;
			children = (
				5F6DC8281649B3D2004B713C /* paddel.png */,
				5F6DC8261649B3BC004B713C /* mo.png */,
				5F6DC8151649A5D6004B713C /* QuartzCore.framework */,
				5F6DC7E01649A5B5004B713C /* BreakOut3b */,
				5F6DC8041649A5B5004B713C /* BreakOut3bTests */,
				5F6DC7D91649A5B5004B713C /* Frameworks */,
				5F6DC7D71649A5B5004B713C /* Products */,
			);
			sourceTree = "<group>";
		};
		5F6DC7D71649A5B5004B713C /* Products */ = {
			isa = PBXGroup;
			children = (
				5F6DC7D61649A5B5004B713C /* BreakOut3b.app */,
				5F6DC7FD1649A5B5004B713C /* BreakOut3bTests.octest */,
			);
			name = Products;
			sourceTree = "<group>";
		};
		5F6DC7D91649A5B5004B713C /* Frameworks */ = {
			isa = PBXGroup;
			children = (
				5F6DC7DA1649A5B5004B713C /* UIKit.framework */,
				5F6DC7DC1649A5B5004B713C /* Foundation.framework */,
				5F6DC7DE1649A5B5004B713C /* CoreGraphics.framework */,
				5F6DC7FE1649A5B5004B713C /* SenTestingKit.framework */,
			);
			name = Frameworks;
			sourceTree = "<group>";
		};
		5F6DC7E01649A5B5004B713C /* BreakOut3b */ = {
			isa = PBXGroup;
			children = (
				5F6DC81D1649A8AA004B713C /* Model */,
				5F6DC7E91649A5B5004B713C /* BOAppDelegate.h */,
				5F6DC7EA1649A5B5004B713C /* BOAppDelegate.m */,
				5F6DC7F21649A5B5004B713C /* MainStoryboard.storyboard */,
				5F6DC7F51649A5B5004B713C /* BOViewController.h */,
				5F6DC7F61649A5B5004B713C /* BOViewController.m */,
				5F6DC8171649A720004B713C /* BOBlockView.h */,
				5F6DC8181649A720004B713C /* BOBlockView.m */,
				5F6DC7E11649A5B5004B713C /* Supporting Files */,
			);
			path = BreakOut3b;
			sourceTree = "<group>";
		};
		5F6DC7E11649A5B5004B713C /* Supporting Files */ = {
			isa = PBXGroup;
			children = (
				5F6DC7E21649A5B5004B713C /* BreakOut3b-Info.plist */,
				5F6DC7E31649A5B5004B713C /* InfoPlist.strings */,
				5F6DC7E61649A5B5004B713C /* main.m */,
				5F6DC7E81649A5B5004B713C /* BreakOut3b-Prefix.pch */,
				5F6DC7EC1649A5B5004B713C /* Default.png */,
				5F6DC7EE1649A5B5004B713C /* Default@2x.png */,
				5F6DC7F01649A5B5004B713C /* Default-568h@2x.png */,
			);
			name = "Supporting Files";
			sourceTree = "<group>";
		};
		5F6DC8041649A5B5004B713C /* BreakOut3bTests */ = {
			isa = PBXGroup;
			children = (
				5F6DC80A1649A5B5004B713C /* BreakOut3bTests.h */,
				5F6DC80B1649A5B5004B713C /* BreakOut3bTests.m */,
				5F6DC8051649A5B5004B713C /* Supporting Files */,
			);
			path = BreakOut3bTests;
			sourceTree = "<group>";
		};
		5F6DC8051649A5B5004B713C /* Supporting Files */ = {
			isa = PBXGroup;
			children = (
				5F6DC8061649A5B5004B713C /* BreakOut3bTests-Info.plist */,
				5F6DC8071649A5B5004B713C /* InfoPlist.strings */,
			);
			name = "Supporting Files";
			sourceTree = "<group>";
		};
		5F6DC81D1649A8AA004B713C /* Model */ = {
			isa = PBXGroup;
			children = (
				5F67190D1649CA0500A86587 /* BOMovingObject.h */,
				5F67190E1649CA0500A86587 /* BOMovingObject.m */,
				5F6DC81B1649A83E004B713C /* BOModel.m */,
				5F6DC81A1649A83E004B713C /* BOModel.h */,
			);
			name = Model;
			sourceTree = "<group>";
		};
/* End PBXGroup section */

/* Begin PBXNativeTarget section */
		5F6DC7D51649A5B5004B713C /* BreakOut3b */ = {
			isa = PBXNativeTarget;
			buildConfigurationList = 5F6DC80F1649A5B5004B713C /* Build configuration list for PBXNativeTarget "BreakOut3b" */;
			buildPhases = (
				5F6DC7D21649A5B5004B713C /* Sources */,
				5F6DC7D31649A5B5004B713C /* Frameworks */,
				5F6DC7D41649A5B5004B713C /* Resources */,
			);
			buildRules = (
			);
			dependencies = (
			);
			name = BreakOut3b;
			productName = BreakOut3b;
			productReference = 5F6DC7D61649A5B5004B713C /* BreakOut3b.app */;
			productType = "com.apple.product-type.application";
		};
		5F6DC7FC1649A5B5004B713C /* BreakOut3bTests */ = {
			isa = PBXNativeTarget;
			buildConfigurationList = 5F6DC8121649A5B5004B713C /* Build configuration list for PBXNativeTarget "BreakOut3bTests" */;
			buildPhases = (
				5F6DC7F81649A5B5004B713C /* Sources */,
				5F6DC7F91649A5B5004B713C /* Frameworks */,
				5F6DC7FA1649A5B5004B713C /* Resources */,
				5F6DC7FB1649A5B5004B713C /* ShellScript */,
			);
			buildRules = (
			);
			dependencies = (
				5F6DC8031649A5B5004B713C /* PBXTargetDependency */,
			);
			name = BreakOut3bTests;
			productName = BreakOut3bTests;
			productReference = 5F6DC7FD1649A5B5004B713C /* BreakOut3bTests.octest */;
			productType = "com.apple.product-type.bundle";
		};
/* End PBXNativeTarget section */

/* Begin PBXProject section */
		5F6DC7CD1649A5B5004B713C /* Project object */ = {
			isa = PBXProject;
			attributes = {
				CLASSPREFIX = BO;
				LastUpgradeCheck = 0450;
				ORGANIZATIONNAME = "Carl Tengwall";
			};
			buildConfigurationList = 5F6DC7D01649A5B5004B713C /* Build configuration list for PBXProject "BreakOut3b" */;
			compatibilityVersion = "Xcode 3.2";
			developmentRegion = English;
			hasScannedForEncodings = 0;
			knownRegions = (
				en,
			);
			mainGroup = 5F6DC7CB1649A5B5004B713C;
			productRefGroup = 5F6DC7D71649A5B5004B713C /* Products */;
			projectDirPath = "";
			projectRoot = "";
			targets = (
				5F6DC7D51649A5B5004B713C /* BreakOut3b */,
				5F6DC7FC1649A5B5004B713C /* BreakOut3bTests */,
			);
		};
/* End PBXProject section */

/* Begin PBXResourcesBuildPhase section */
		5F6DC7D41649A5B5004B713C /* Resources */ = {
			isa = PBXResourcesBuildPhase;
			buildActionMask = 2147483647;
			files = (
				5F6DC7E51649A5B5004B713C /* InfoPlist.strings in Resources */,
				5F6DC7ED1649A5B5004B713C /* Default.png in Resources */,
				5F6DC7EF1649A5B5004B713C /* Default@2x.png in Resources */,
				5F6DC7F11649A5B5004B713C /* Default-568h@2x.png in Resources */,
				5F6DC7F41649A5B5004B713C /* MainStoryboard.storyboard in Resources */,
				5F6DC8271649B3BC004B713C /* mo.png in Resources */,
				5F6DC8291649B3D2004B713C /* paddel.png in Resources */,
			);
			runOnlyForDeploymentPostprocessing = 0;
		};
		5F6DC7FA1649A5B5004B713C /* Resources */ = {
			isa = PBXResourcesBuildPhase;
			buildActionMask = 2147483647;
			files = (
				5F6DC8091649A5B5004B713C /* InfoPlist.strings in Resources */,
			);
			runOnlyForDeploymentPostprocessing = 0;
		};
/* End PBXResourcesBuildPhase section */

/* Begin PBXShellScriptBuildPhase section */
		5F6DC7FB1649A5B5004B713C /* ShellScript */ = {
			isa = PBXShellScriptBuildPhase;
			buildActionMask = 2147483647;
			files = (
			);
			inputPaths = (
			);
			outputPaths = (
			);
			runOnlyForDeploymentPostprocessing = 0;
			shellPath = /bin/sh;
			shellScript = "# Run the unit tests in this test bundle.\n\"${SYSTEM_DEVELOPER_DIR}/Tools/RunUnitTests\"\n";
		};
/* End PBXShellScriptBuildPhase section */

/* Begin PBXSourcesBuildPhase section */
		5F6DC7D21649A5B5004B713C /* Sources */ = {
			isa = PBXSourcesBuildPhase;
			buildActionMask = 2147483647;
			files = (
				5F6DC7E71649A5B5004B713C /* main.m in Sources */,
				5F6DC7EB1649A5B5004B713C /* BOAppDelegate.m in Sources */,
				5F6DC7F71649A5B5004B713C /* BOViewController.m in Sources */,
				5F6DC8191649A720004B713C /* BOBlockView.m in Sources */,
				5F6DC81C1649A83E004B713C /* BOModel.m in Sources */,
				5F67190F1649CA0600A86587 /* BOMovingObject.m in Sources */,
			);
			runOnlyForDeploymentPostprocessing = 0;
		};
		5F6DC7F81649A5B5004B713C /* Sources */ = {
			isa = PBXSourcesBuildPhase;
			buildActionMask = 2147483647;
			files = (
				5F6DC80C1649A5B5004B713C /* BreakOut3bTests.m in Sources */,
			);
			runOnlyForDeploymentPostprocessing = 0;
		};
/* End PBXSourcesBuildPhase section */

/* Begin PBXTargetDependency section */
		5F6DC8031649A5B5004B713C /* PBXTargetDependency */ = {
			isa = PBXTargetDependency;
			target = 5F6DC7D51649A5B5004B713C /* BreakOut3b */;
			targetProxy = 5F6DC8021649A5B5004B713C /* PBXContainerItemProxy */;
		};
/* End PBXTargetDependency section */

/* Begin PBXVariantGroup section */
		5F6DC7E31649A5B5004B713C /* InfoPlist.strings */ = {
			isa = PBXVariantGroup;
			children = (
				5F6DC7E41649A5B5004B713C /* en */,
			);
			name = InfoPlist.strings;
			sourceTree = "<group>";
		};
		5F6DC7F21649A5B5004B713C /* MainStoryboard.storyboard */ = {
			isa = PBXVariantGroup;
			children = (
				5F6DC7F31649A5B5004B713C /* en */,
			);
			name = MainStoryboard.storyboard;
			sourceTree = "<group>";
		};
		5F6DC8071649A5B5004B713C /* InfoPlist.strings */ = {
			isa = PBXVariantGroup;
			children = (
				5F6DC8081649A5B5004B713C /* en */,
			);
			name = InfoPlist.strings;
			sourceTree = "<group>";
		};
/* End PBXVariantGroup section */

/* Begin XCBuildConfiguration section */
		5F6DC80D1649A5B5004B713C /* Debug */ = {
			isa = XCBuildConfiguration;
			buildSettings = {
				ALWAYS_SEARCH_USER_PATHS = NO;
				CLANG_CXX_LANGUAGE_STANDARD = "gnu++0x";
				CLANG_CXX_LIBRARY = "libc++";
				CLANG_ENABLE_OBJC_ARC = YES;
				CLANG_WARN_EMPTY_BODY = YES;
				CLANG_WARN__DUPLICATE_METHOD_MATCH = YES;
				"CODE_SIGN_IDENTITY[sdk=iphoneos*]" = "iPhone Developer";
				COPY_PHASE_STRIP = NO;
				GCC_C_LANGUAGE_STANDARD = gnu99;
				GCC_DYNAMIC_NO_PIC = NO;
				GCC_OPTIMIZATION_LEVEL = 0;
				GCC_PREPROCESSOR_DEFINITIONS = (
					"DEBUG=1",
					"$(inherited)",
				);
				GCC_SYMBOLS_PRIVATE_EXTERN = NO;
				GCC_WARN_ABOUT_RETURN_TYPE = YES;
				GCC_WARN_UNINITIALIZED_AUTOS = YES;
				GCC_WARN_UNUSED_VARIABLE = YES;
				IPHONEOS_DEPLOYMENT_TARGET = 6.0;
				ONLY_ACTIVE_ARCH = YES;
				SDKROOT = iphoneos;
			};
			name = Debug;
		};
		5F6DC80E1649A5B5004B713C /* Release */ = {
			isa = XCBuildConfiguration;
			buildSettings = {
				ALWAYS_SEARCH_USER_PATHS = NO;
				CLANG_CXX_LANGUAGE_STANDARD = "gnu++0x";
				CLANG_CXX_LIBRARY = "libc++";
				CLANG_ENABLE_OBJC_ARC = YES;
				CLANG_WARN_EMPTY_BODY = YES;
				CLANG_WARN__DUPLICATE_METHOD_MATCH = YES;
				"CODE_SIGN_IDENTITY[sdk=iphoneos*]" = "iPhone Developer";
				COPY_PHASE_STRIP = YES;
				GCC_C_LANGUAGE_STANDARD = gnu99;
				GCC_WARN_ABOUT_RETURN_TYPE = YES;
				GCC_WARN_UNINITIALIZED_AUTOS = YES;
				GCC_WARN_UNUSED_VARIABLE = YES;
				IPHONEOS_DEPLOYMENT_TARGET = 6.0;
				OTHER_CFLAGS = "-DNS_BLOCK_ASSERTIONS=1";
				SDKROOT = iphoneos;
				VALIDATE_PRODUCT = YES;
			};
			name = Release;
		};
		5F6DC8101649A5B5004B713C /* Debug */ = {
			isa = XCBuildConfiguration;
			buildSettings = {
				GCC_PRECOMPILE_PREFIX_HEADER = YES;
				GCC_PREFIX_HEADER = "BreakOut3b/BreakOut3b-Prefix.pch";
				INFOPLIST_FILE = "BreakOut3b/BreakOut3b-Info.plist";
				PRODUCT_NAME = "$(TARGET_NAME)";
				WRAPPER_EXTENSION = app;
			};
			name = Debug;
		};
		5F6DC8111649A5B5004B713C /* Release */ = {
			isa = XCBuildConfiguration;
			buildSettings = {
				GCC_PRECOMPILE_PREFIX_HEADER = YES;
				GCC_PREFIX_HEADER = "BreakOut3b/BreakOut3b-Prefix.pch";
				INFOPLIST_FILE = "BreakOut3b/BreakOut3b-Info.plist";
				PRODUCT_NAME = "$(TARGET_NAME)";
				WRAPPER_EXTENSION = app;
			};
			name = Release;
		};
		5F6DC8131649A5B5004B713C /* Debug */ = {
			isa = XCBuildConfiguration;
			buildSettings = {
				BUNDLE_LOADER = "$(BUILT_PRODUCTS_DIR)/BreakOut3b.app/BreakOut3b";
				FRAMEWORK_SEARCH_PATHS = (
					"\"$(SDKROOT)/Developer/Library/Frameworks\"",
					"\"$(DEVELOPER_LIBRARY_DIR)/Frameworks\"",
				);
				GCC_PRECOMPILE_PREFIX_HEADER = YES;
				GCC_PREFIX_HEADER = "BreakOut3b/BreakOut3b-Prefix.pch";
				INFOPLIST_FILE = "BreakOut3bTests/BreakOut3bTests-Info.plist";
				PRODUCT_NAME = "$(TARGET_NAME)";
				TEST_HOST = "$(BUNDLE_LOADER)";
				WRAPPER_EXTENSION = octest;
			};
			name = Debug;
		};
		5F6DC8141649A5B5004B713C /* Release */ = {
			isa = XCBuildConfiguration;
			buildSettings = {
				BUNDLE_LOADER = "$(BUILT_PRODUCTS_DIR)/BreakOut3b.app/BreakOut3b";
				FRAMEWORK_SEARCH_PATHS = (
					"\"$(SDKROOT)/Developer/Library/Frameworks\"",
					"\"$(DEVELOPER_LIBRARY_DIR)/Frameworks\"",
				);
				GCC_PRECOMPILE_PREFIX_HEADER = YES;
				GCC_PREFIX_HEADER = "BreakOut3b/BreakOut3b-Prefix.pch";
				INFOPLIST_FILE = "BreakOut3bTests/BreakOut3bTests-Info.plist";
				PRODUCT_NAME = "$(TARGET_NAME)";
				TEST_HOST = "$(BUNDLE_LOADER)";
				WRAPPER_EXTENSION = octest;
			};
			name = Release;
		};
/* End XCBuildConfiguration section */

/* Begin XCConfigurationList section */
		5F6DC7D01649A5B5004B713C /* Build configuration list for PBXProject "BreakOut3b" */ = {
			isa = XCConfigurationList;
			buildConfigurations = (
				5F6DC80D1649A5B5004B713C /* Debug */,
				5F6DC80E1649A5B5004B713C /* Release */,
			);
			defaultConfigurationIsVisible = 0;
			defaultConfigurationName = Release;
		};
		5F6DC80F1649A5B5004B713C /* Build configuration list for PBXNativeTarget "BreakOut3b" */ = {
			isa = XCConfigurationList;
			buildConfigurations = (
				5F6DC8101649A5B5004B713C /* Debug */,
				5F6DC8111649A5B5004B713C /* Release */,
			);
			defaultConfigurationIsVisible = 0;
			defaultConfigurationName = Release;
		};
		5F6DC8121649A5B5004B713C /* Build configuration list for PBXNativeTarget "BreakOut3bTests" */ = {
			isa = XCConfigurationList;
			buildConfigurations = (
				5F6DC8131649A5B5004B713C /* Debug */,
				5F6DC8141649A5B5004B713C /* Release */,
			);
			defaultConfigurationIsVisible = 0;
			defaultConfigurationName = Release;
		};
/* End XCConfigurationList section */
	};
	rootObject = 5F6DC7CD1649A5B5004B713C /* Project object */;
}
